
Microsoft Visual Studio Solution File, Format Version 12.00
# Visual Studio Version 16
VisualStudioVersion = 16.0.30413.136
MinimumVisualStudioVersion = 10.0.40219.1
Project("{FAE04EC0-301F-11D3-BF4B-00C04F79EFBC}") = "TcpClientForms", "TcpClientForms.csproj", "{7ED277D4-41F5-4A2A-A6AE-63EA599F7463}"
EndProject
Global
	GlobalSection(SolutionConfigurationPlatforms) = preSolution
		Debug|Any CPU = Debug|Any CPU
		Release|Any CPU = Release|Any CPU
	EndGlobalSection
	GlobalSection(ProjectConfigurationPlatforms) = postSolution
		{7ED277D4-41F5-4A2A-A6AE-63EA599F7463}.Debug|Any CPU.ActiveCfg = Debug|Any CPU
		{7ED277D4-41F5-4A2A-A6AE-63EA599F7463}.Debug|Any CPU.Build.0 = Debug|Any CPU
		{7ED277D4-41F5-4A2A-A6AE-63EA599F7463}.Release|Any CPU.ActiveCfg = Release|Any CPU
		{7ED277D4-41F5-4A2A-A6AE-63EA599F7463}.Release|Any CPU.Build.0 = Release|Any CPU
	EndGlobalSection
	GlobalSection(SolutionProperties) = preSolution
		HideSolutionNode = FALSE
	EndGlobalSection
	GlobalSection(ExtensibilityGlobals) = postSolution
		SolutionGuid = {37AC297B-55E5-4615-ABFC-833F31529DC7}
	EndGlobalSection
EndGlobal
